
Microsoft Visual Studio Solution File, Format Version 12.00
# Visual Studio Version 17
VisualStudioVersion = 17.14.36518.9 d17.14
MinimumVisualStudioVersion = 10.0.40219.1
Project("{FAE04EC0-301F-11D3-BF4B-00C04F79EFBC}") = "CoreBankingTest.API", "CoreBankingTest.API\CoreBankingTest.API.csproj", "{E93EBB20-85B2-48B4-83B8-D546DD7F6AFE}"
EndProject
Project("{FAE04EC0-301F-11D3-BF4B-00C04F79EFBC}") = "CoreBankingTest.Infrastructure", "CoreBankingTest.Infrastructure\CoreBankingTest.Infrastructure.csproj", "{F3ABD16B-D47E-49AA-BD23-7771DB6B518B}"
EndProject
Project("{FAE04EC0-301F-11D3-BF4B-00C04F79EFBC}") = "CoreBankingTest.Application", "CoreBankingTest.Application\CoreBankingTest.Application.csproj", "{0ACF28C4-3B6B-4F3B-8F53-494928297928}"
EndProject
Project("{FAE04EC0-301F-11D3-BF4B-00C04F79EFBC}") = "CoreBankingTest.Core", "CoreBankingTest.Core\CoreBankingTest.Core.csproj", "{F6A4B3C3-5607-421B-9F9E-AF1B6DDE42D4}"
EndProject
Global
	GlobalSection(SolutionConfigurationPlatforms) = preSolution
		Debug|Any CPU = Debug|Any CPU
		Release|Any CPU = Release|Any CPU
	EndGlobalSection
	GlobalSection(ProjectConfigurationPlatforms) = postSolution
		{E93EBB20-85B2-48B4-83B8-D546DD7F6AFE}.Debug|Any CPU.ActiveCfg = Debug|Any CPU
		{E93EBB20-85B2-48B4-83B8-D546DD7F6AFE}.Debug|Any CPU.Build.0 = Debug|Any CPU
		{E93EBB20-85B2-48B4-83B8-D546DD7F6AFE}.Release|Any CPU.ActiveCfg = Release|Any CPU
		{E93EBB20-85B2-48B4-83B8-D546DD7F6AFE}.Release|Any CPU.Build.0 = Release|Any CPU
		{F3ABD16B-D47E-49AA-BD23-7771DB6B518B}.Debug|Any CPU.ActiveCfg = Debug|Any CPU
		{F3ABD16B-D47E-49AA-BD23-7771DB6B518B}.Debug|Any CPU.Build.0 = Debug|Any CPU
		{F3ABD16B-D47E-49AA-BD23-7771DB6B518B}.Release|Any CPU.ActiveCfg = Release|Any CPU
		{F3ABD16B-D47E-49AA-BD23-7771DB6B518B}.Release|Any CPU.Build.0 = Release|Any CPU
		{0ACF28C4-3B6B-4F3B-8F53-494928297928}.Debug|Any CPU.ActiveCfg = Debug|Any CPU
		{0ACF28C4-3B6B-4F3B-8F53-494928297928}.Debug|Any CPU.Build.0 = Debug|Any CPU
		{0ACF28C4-3B6B-4F3B-8F53-494928297928}.Release|Any CPU.ActiveCfg = Release|Any CPU
		{0ACF28C4-3B6B-4F3B-8F53-494928297928}.Release|Any CPU.Build.0 = Release|Any CPU
		{F6A4B3C3-5607-421B-9F9E-AF1B6DDE42D4}.Debug|Any CPU.ActiveCfg = Debug|Any CPU
		{F6A4B3C3-5607-421B-9F9E-AF1B6DDE42D4}.Debug|Any CPU.Build.0 = Debug|Any CPU
		{F6A4B3C3-5607-421B-9F9E-AF1B6DDE42D4}.Release|Any CPU.ActiveCfg = Release|Any CPU
		{F6A4B3C3-5607-421B-9F9E-AF1B6DDE42D4}.Release|Any CPU.Build.0 = Release|Any CPU
	EndGlobalSection
	GlobalSection(SolutionProperties) = preSolution
		HideSolutionNode = FALSE
	EndGlobalSection
	GlobalSection(ExtensibilityGlobals) = postSolution
		SolutionGuid = {7B4E7225-3340-402C-9ED2-0909C3002F6E}
	EndGlobalSection
EndGlobal
